
Microsoft Visual Studio Solution File, Format Version 12.00
# Visual Studio Version 17
VisualStudioVersion = 17.7.34024.191
MinimumVisualStudioVersion = 10.0.40219.1
Project("{9A19103F-16F7-4668-BE54-9A1E7A4F7556}") = "ContosoPizza", "ContosoPizza.csproj", "{BEFBF6F7-645F-4485-BB5C-17E7DF642E20}"
EndProject
Global
	GlobalSection(SolutionConfigurationPlatforms) = preSolution
		Debug|Any CPU = Debug|Any CPU
		Release|Any CPU = Release|Any CPU
	EndGlobalSection
	GlobalSection(ProjectConfigurationPlatforms) = postSolution
		{BEFBF6F7-645F-4485-BB5C-17E7DF642E20}.Debug|Any CPU.ActiveCfg = Debug|Any CPU
		{BEFBF6F7-645F-4485-BB5C-17E7DF642E20}.Debug|Any CPU.Build.0 = Debug|Any CPU
		{BEFBF6F7-645F-4485-BB5C-17E7DF642E20}.Release|Any CPU.ActiveCfg = Release|Any CPU
		{BEFBF6F7-645F-4485-BB5C-17E7DF642E20}.Release|Any CPU.Build.0 = Release|Any CPU
	EndGlobalSection
	GlobalSection(SolutionProperties) = preSolution
		HideSolutionNode = FALSE
	EndGlobalSection
	GlobalSection(ExtensibilityGlobals) = postSolution
		SolutionGuid = {8404AFEF-0326-4775-8E7E-DD6C57EC4B67}
	EndGlobalSection
EndGlobal
